
Microsoft Visual Studio Solution File, Format Version 12.00
# Visual Studio Version 16
VisualStudioVersion = 16.0.31112.23
MinimumVisualStudioVersion = 10.0.40219.1
Project("{FAE04EC0-301F-11D3-BF4B-00C04F79EFBC}") = "ADOPSE_IMDB_IMITATION", "ADOPSE_IMDB_IMITATION\ADOPSE_IMDB_IMITATION.csproj", "{98096E4C-6011-4DFD-857C-0910E0AAAF0B}"
EndProject
Global
	GlobalSection(SolutionConfigurationPlatforms) = preSolution
		Debug|Any CPU = Debug|Any CPU
		Release|Any CPU = Release|Any CPU
	EndGlobalSection
	GlobalSection(ProjectConfigurationPlatforms) = postSolution
		{98096E4C-6011-4DFD-857C-0910E0AAAF0B}.Debug|Any CPU.ActiveCfg = Debug|Any CPU
		{98096E4C-6011-4DFD-857C-0910E0AAAF0B}.Debug|Any CPU.Build.0 = Debug|Any CPU
		{98096E4C-6011-4DFD-857C-0910E0AAAF0B}.Release|Any CPU.ActiveCfg = Release|Any CPU
		{98096E4C-6011-4DFD-857C-0910E0AAAF0B}.Release|Any CPU.Build.0 = Release|Any CPU
	EndGlobalSection
	GlobalSection(SolutionProperties) = preSolution
		HideSolutionNode = FALSE
	EndGlobalSection
	GlobalSection(ExtensibilityGlobals) = postSolution
		SolutionGuid = {A47E786A-5D49-4036-8560-7EA67C4DAB4B}
	EndGlobalSection
EndGlobal
