
Microsoft Visual Studio Solution File, Format Version 12.00
# Visual Studio Version 16
VisualStudioVersion = 16.0.31112.23
MinimumVisualStudioVersion = 10.0.40219.1
Project("{FAE04EC0-301F-11D3-BF4B-00C04F79EFBC}") = "ADOPSE_IMDB_IMITATION", "ADOPSE_IMDB_IMITATION\ADOPSE_IMDB_IMITATION.csproj", "{CC1A8E87-9B2C-4744-8AF5-DB9D6FEBF0F3}"
EndProject
Global
	GlobalSection(SolutionConfigurationPlatforms) = preSolution
		Debug|Any CPU = Debug|Any CPU
		Release|Any CPU = Release|Any CPU
	EndGlobalSection
	GlobalSection(ProjectConfigurationPlatforms) = postSolution
		{CC1A8E87-9B2C-4744-8AF5-DB9D6FEBF0F3}.Debug|Any CPU.ActiveCfg = Debug|Any CPU
		{CC1A8E87-9B2C-4744-8AF5-DB9D6FEBF0F3}.Debug|Any CPU.Build.0 = Debug|Any CPU
		{CC1A8E87-9B2C-4744-8AF5-DB9D6FEBF0F3}.Release|Any CPU.ActiveCfg = Release|Any CPU
		{CC1A8E87-9B2C-4744-8AF5-DB9D6FEBF0F3}.Release|Any CPU.Build.0 = Release|Any CPU
	EndGlobalSection
	GlobalSection(SolutionProperties) = preSolution
		HideSolutionNode = FALSE
	EndGlobalSection
	GlobalSection(ExtensibilityGlobals) = postSolution
		SolutionGuid = {AF9ED500-1AD7-4243-8270-ED5F850B4F80}
	EndGlobalSection
EndGlobal
